
Microsoft Visual Studio Solution File, Format Version 12.00
# Visual Studio Version 17
VisualStudioVersion = 17.11.35303.130
MinimumVisualStudioVersion = 10.0.40219.1
Project("{2150E333-8FDC-42A3-9474-1A3956D46DE8}") = "Task0", "Task0", "{7AD3148C-A8C0-4C7F-A544-6CAB167A5535}"
EndProject
Project("{FAE04EC0-301F-11D3-BF4B-00C04F79EFBC}") = "Tyuiu.KomarovaMV.Sprint3.Task0.V28", "Tyuiu.KomarovaMV.Sprint3.Task0.V28\Tyuiu.KomarovaMV.Sprint3.Task0.V28.csproj", "{F5264222-9840-4A66-8D9A-2C72196F8945}"
EndProject
Project("{FAE04EC0-301F-11D3-BF4B-00C04F79EFBC}") = "Tyuiu.KomarovaMV.Sprint3.Task0.V28.Lib", "Tyuiu.KomarovaMV.Sprint3.Task0.V28.Lib\Tyuiu.KomarovaMV.Sprint3.Task0.V28.Lib.csproj", "{51339C5E-486E-41B9-81E2-158270ADBE38}"
EndProject
Project("{FAE04EC0-301F-11D3-BF4B-00C04F79EFBC}") = "Tyuiu.KomarovaMV.Sprint3.Task0.V28.Test", "Tyuiu.KomarovaMV.Sprint3.Task0.V28.Test\Tyuiu.KomarovaMV.Sprint3.Task0.V28.Test.csproj", "{53AB2357-1B2E-4076-8893-6A9B0D4E985F}"
EndProject
Project("{2150E333-8FDC-42A3-9474-1A3956D46DE8}") = "Task1", "Task1", "{009415BE-B298-4004-BD37-7C86BB66A792}"
EndProject
Project("{FAE04EC0-301F-11D3-BF4B-00C04F79EFBC}") = "Tyuiu.KomarovaMV.Sprint3.Task1.V23", "Tyuiu.KomarovaMV.Sprint3.Task1.V23\Tyuiu.KomarovaMV.Sprint3.Task1.V23.csproj", "{107F7A5D-5E9C-45F6-8E1C-7BB9BCF706A2}"
EndProject
Project("{FAE04EC0-301F-11D3-BF4B-00C04F79EFBC}") = "Tyuiu.KomarovaMV.Sprint3.Task1.V23.Lib", "Tyuiu.KomarovaMV.Sprint3.Task1.V23.Lib\Tyuiu.KomarovaMV.Sprint3.Task1.V23.Lib.csproj", "{8D7B6539-8AEA-443D-B113-661E312408D1}"
EndProject
Project("{FAE04EC0-301F-11D3-BF4B-00C04F79EFBC}") = "Tyuiu.KomarovaMV.Sprint3.Task1.V23.Test", "Tyuiu.KomarovaMV.Sprint3.Task1.V23.Test\Tyuiu.KomarovaMV.Sprint3.Task1.V23.Test.csproj", "{1370811F-EE7E-4D5D-ADC8-26D45EE447A8}"
EndProject
Project("{2150E333-8FDC-42A3-9474-1A3956D46DE8}") = "Task2", "Task2", "{74CFC5E5-E394-4971-80DA-C1090BF06FC8}"
EndProject
Project("{FAE04EC0-301F-11D3-BF4B-00C04F79EFBC}") = "Tyuiu.KomarovaMV.Sprint3.Task2.V17", "Tyuiu.KomarovaMV.Sprint3.Task2.V17\Tyuiu.KomarovaMV.Sprint3.Task2.V17.csproj", "{96B80878-C5B1-48EE-822F-1566D1A10A96}"
EndProject
Project("{FAE04EC0-301F-11D3-BF4B-00C04F79EFBC}") = "Tyuiu.KomarovaMV.Sprint3.Task2.V17.Lib", "Tyuiu.KomarovaMV.Sprint3.Task2.V17.Lib\Tyuiu.KomarovaMV.Sprint3.Task2.V17.Lib.csproj", "{B85290D0-7DC5-48BA-9EFC-26A2E8BE43CC}"
EndProject
Project("{FAE04EC0-301F-11D3-BF4B-00C04F79EFBC}") = "Tyuiu.KomarovaMV.Sprint3.Task2.V17.Test", "Tyuiu.KomarovaMV.Sprint3.Task2.V17.Test\Tyuiu.KomarovaMV.Sprint3.Task2.V17.Test.csproj", "{AD546F70-A21C-4E1D-9C44-A0F956E5C578}"
EndProject
Global
	GlobalSection(SolutionConfigurationPlatforms) = preSolution
		Debug|Any CPU = Debug|Any CPU
		Release|Any CPU = Release|Any CPU
	EndGlobalSection
	GlobalSection(ProjectConfigurationPlatforms) = postSolution
		{F5264222-9840-4A66-8D9A-2C72196F8945}.Debug|Any CPU.ActiveCfg = Debug|Any CPU
		{F5264222-9840-4A66-8D9A-2C72196F8945}.Debug|Any CPU.Build.0 = Debug|Any CPU
		{F5264222-9840-4A66-8D9A-2C72196F8945}.Release|Any CPU.ActiveCfg = Release|Any CPU
		{F5264222-9840-4A66-8D9A-2C72196F8945}.Release|Any CPU.Build.0 = Release|Any CPU
		{51339C5E-486E-41B9-81E2-158270ADBE38}.Debug|Any CPU.ActiveCfg = Debug|Any CPU
		{51339C5E-486E-41B9-81E2-158270ADBE38}.Debug|Any CPU.Build.0 = Debug|Any CPU
		{51339C5E-486E-41B9-81E2-158270ADBE38}.Release|Any CPU.ActiveCfg = Release|Any CPU
		{51339C5E-486E-41B9-81E2-158270ADBE38}.Release|Any CPU.Build.0 = Release|Any CPU
		{53AB2357-1B2E-4076-8893-6A9B0D4E985F}.Debug|Any CPU.ActiveCfg = Debug|Any CPU
		{53AB2357-1B2E-4076-8893-6A9B0D4E985F}.Debug|Any CPU.Build.0 = Debug|Any CPU
		{53AB2357-1B2E-4076-8893-6A9B0D4E985F}.Release|Any CPU.ActiveCfg = Release|Any CPU
		{53AB2357-1B2E-4076-8893-6A9B0D4E985F}.Release|Any CPU.Build.0 = Release|Any CPU
		{107F7A5D-5E9C-45F6-8E1C-7BB9BCF706A2}.Debug|Any CPU.ActiveCfg = Debug|Any CPU
		{107F7A5D-5E9C-45F6-8E1C-7BB9BCF706A2}.Debug|Any CPU.Build.0 = Debug|Any CPU
		{107F7A5D-5E9C-45F6-8E1C-7BB9BCF706A2}.Release|Any CPU.ActiveCfg = Release|Any CPU
		{107F7A5D-5E9C-45F6-8E1C-7BB9BCF706A2}.Release|Any CPU.Build.0 = Release|Any CPU
		{8D7B6539-8AEA-443D-B113-661E312408D1}.Debug|Any CPU.ActiveCfg = Debug|Any CPU
		{8D7B6539-8AEA-443D-B113-661E312408D1}.Debug|Any CPU.Build.0 = Debug|Any CPU
		{8D7B6539-8AEA-443D-B113-661E312408D1}.Release|Any CPU.ActiveCfg = Release|Any CPU
		{8D7B6539-8AEA-443D-B113-661E312408D1}.Release|Any CPU.Build.0 = Release|Any CPU
		{1370811F-EE7E-4D5D-ADC8-26D45EE447A8}.Debug|Any CPU.ActiveCfg = Debug|Any CPU
		{1370811F-EE7E-4D5D-ADC8-26D45EE447A8}.Debug|Any CPU.Build.0 = Debug|Any CPU
		{1370811F-EE7E-4D5D-ADC8-26D45EE447A8}.Release|Any CPU.ActiveCfg = Release|Any CPU
		{1370811F-EE7E-4D5D-ADC8-26D45EE447A8}.Release|Any CPU.Build.0 = Release|Any CPU
		{96B80878-C5B1-48EE-822F-1566D1A10A96}.Debug|Any CPU.ActiveCfg = Debug|Any CPU
		{96B80878-C5B1-48EE-822F-1566D1A10A96}.Debug|Any CPU.Build.0 = Debug|Any CPU
		{96B80878-C5B1-48EE-822F-1566D1A10A96}.Release|Any CPU.ActiveCfg = Release|Any CPU
		{96B80878-C5B1-48EE-822F-1566D1A10A96}.Release|Any CPU.Build.0 = Release|Any CPU
		{B85290D0-7DC5-48BA-9EFC-26A2E8BE43CC}.Debug|Any CPU.ActiveCfg = Debug|Any CPU
		{B85290D0-7DC5-48BA-9EFC-26A2E8BE43CC}.Debug|Any CPU.Build.0 = Debug|Any CPU
		{B85290D0-7DC5-48BA-9EFC-26A2E8BE43CC}.Release|Any CPU.ActiveCfg = Release|Any CPU
		{B85290D0-7DC5-48BA-9EFC-26A2E8BE43CC}.Release|Any CPU.Build.0 = Release|Any CPU
		{AD546F70-A21C-4E1D-9C44-A0F956E5C578}.Debug|Any CPU.ActiveCfg = Debug|Any CPU
		{AD546F70-A21C-4E1D-9C44-A0F956E5C578}.Debug|Any CPU.Build.0 = Debug|Any CPU
		{AD546F70-A21C-4E1D-9C44-A0F956E5C578}.Release|Any CPU.ActiveCfg = Release|Any CPU
		{AD546F70-A21C-4E1D-9C44-A0F956E5C578}.Release|Any CPU.Build.0 = Release|Any CPU
	EndGlobalSection
	GlobalSection(SolutionProperties) = preSolution
		HideSolutionNode = FALSE
	EndGlobalSection
	GlobalSection(NestedProjects) = preSolution
		{F5264222-9840-4A66-8D9A-2C72196F8945} = {7AD3148C-A8C0-4C7F-A544-6CAB167A5535}
		{51339C5E-486E-41B9-81E2-158270ADBE38} = {7AD3148C-A8C0-4C7F-A544-6CAB167A5535}
		{53AB2357-1B2E-4076-8893-6A9B0D4E985F} = {7AD3148C-A8C0-4C7F-A544-6CAB167A5535}
		{107F7A5D-5E9C-45F6-8E1C-7BB9BCF706A2} = {009415BE-B298-4004-BD37-7C86BB66A792}
		{8D7B6539-8AEA-443D-B113-661E312408D1} = {009415BE-B298-4004-BD37-7C86BB66A792}
		{1370811F-EE7E-4D5D-ADC8-26D45EE447A8} = {009415BE-B298-4004-BD37-7C86BB66A792}
		{96B80878-C5B1-48EE-822F-1566D1A10A96} = {74CFC5E5-E394-4971-80DA-C1090BF06FC8}
		{B85290D0-7DC5-48BA-9EFC-26A2E8BE43CC} = {74CFC5E5-E394-4971-80DA-C1090BF06FC8}
		{AD546F70-A21C-4E1D-9C44-A0F956E5C578} = {74CFC5E5-E394-4971-80DA-C1090BF06FC8}
	EndGlobalSection
	GlobalSection(ExtensibilityGlobals) = postSolution
		SolutionGuid = {269187A3-F039-4088-8FF0-BAFAB4E2A7F5}
	EndGlobalSection
EndGlobal
