
Microsoft Visual Studio Solution File, Format Version 12.00
# Visual Studio Version 17
VisualStudioVersion = 17.11.35303.130
MinimumVisualStudioVersion = 10.0.40219.1
Project("{2150E333-8FDC-42A3-9474-1A3956D46DE8}") = "Task0", "Task0", "{7AD3148C-A8C0-4C7F-A544-6CAB167A5535}"
EndProject
Project("{9A19103F-16F7-4668-BE54-9A1E7A4F7556}") = "Tyuiu.KomarovaMV.Sprint3.Task0.V28", "Tyuiu.KomarovaMV.Sprint3.Task0.V28\Tyuiu.KomarovaMV.Sprint3.Task0.V28.csproj", "{F5264222-9840-4A66-8D9A-2C72196F8945}"
EndProject
Project("{9A19103F-16F7-4668-BE54-9A1E7A4F7556}") = "Tyuiu.KomarovaMV.Sprint3.Task0.V28.Lib", "Tyuiu.KomarovaMV.Sprint3.Task0.V28.Lib\Tyuiu.KomarovaMV.Sprint3.Task0.V28.Lib.csproj", "{51339C5E-486E-41B9-81E2-158270ADBE38}"
EndProject
Project("{9A19103F-16F7-4668-BE54-9A1E7A4F7556}") = "Tyuiu.KomarovaMV.Sprint3.Task0.V28.Test", "Tyuiu.KomarovaMV.Sprint3.Task0.V28.Test\Tyuiu.KomarovaMV.Sprint3.Task0.V28.Test.csproj", "{53AB2357-1B2E-4076-8893-6A9B0D4E985F}"
EndProject
Project("{2150E333-8FDC-42A3-9474-1A3956D46DE8}") = "Task1", "Task1", "{009415BE-B298-4004-BD37-7C86BB66A792}"
EndProject
Project("{9A19103F-16F7-4668-BE54-9A1E7A4F7556}") = "Tyuiu.KomarovaMV.Sprint3.Task1.V23", "Tyuiu.KomarovaMV.Sprint3.Task1.V23\Tyuiu.KomarovaMV.Sprint3.Task1.V23.csproj", "{107F7A5D-5E9C-45F6-8E1C-7BB9BCF706A2}"
EndProject
Project("{9A19103F-16F7-4668-BE54-9A1E7A4F7556}") = "Tyuiu.KomarovaMV.Sprint3.Task1.V23.Lib", "Tyuiu.KomarovaMV.Sprint3.Task1.V23.Lib\Tyuiu.KomarovaMV.Sprint3.Task1.V23.Lib.csproj", "{8D7B6539-8AEA-443D-B113-661E312408D1}"
EndProject
Project("{9A19103F-16F7-4668-BE54-9A1E7A4F7556}") = "Tyuiu.KomarovaMV.Sprint3.Task1.V23.Test", "Tyuiu.KomarovaMV.Sprint3.Task1.V23.Test\Tyuiu.KomarovaMV.Sprint3.Task1.V23.Test.csproj", "{1370811F-EE7E-4D5D-ADC8-26D45EE447A8}"
EndProject
Project("{2150E333-8FDC-42A3-9474-1A3956D46DE8}") = "Task2", "Task2", "{74CFC5E5-E394-4971-80DA-C1090BF06FC8}"
EndProject
Project("{9A19103F-16F7-4668-BE54-9A1E7A4F7556}") = "Tyuiu.KomarovaMV.Sprint3.Task2.V17", "Tyuiu.KomarovaMV.Sprint3.Task2.V17\Tyuiu.KomarovaMV.Sprint3.Task2.V17.csproj", "{96B80878-C5B1-48EE-822F-1566D1A10A96}"
EndProject
Project("{9A19103F-16F7-4668-BE54-9A1E7A4F7556}") = "Tyuiu.KomarovaMV.Sprint3.Task2.V17.Lib", "Tyuiu.KomarovaMV.Sprint3.Task2.V17.Lib\Tyuiu.KomarovaMV.Sprint3.Task2.V17.Lib.csproj", "{B85290D0-7DC5-48BA-9EFC-26A2E8BE43CC}"
EndProject
Project("{9A19103F-16F7-4668-BE54-9A1E7A4F7556}") = "Tyuiu.KomarovaMV.Sprint3.Task2.V17.Test", "Tyuiu.KomarovaMV.Sprint3.Task2.V17.Test\Tyuiu.KomarovaMV.Sprint3.Task2.V17.Test.csproj", "{AD546F70-A21C-4E1D-9C44-A0F956E5C578}"
EndProject
Project("{2150E333-8FDC-42A3-9474-1A3956D46DE8}") = "Task3", "Task3", "{B4A4C98E-660C-4398-B474-7BBC05A5EC0C}"
EndProject
Project("{FAE04EC0-301F-11D3-BF4B-00C04F79EFBC}") = "Tyuiu.KomarovaMV.Sprint3.Task3.V16", "Tyuiu.KomarovaMV.Sprint3.Task3.V16\Tyuiu.KomarovaMV.Sprint3.Task3.V16.csproj", "{225BEE56-81D0-4202-9D0C-8104130A9BA1}"
EndProject
Project("{FAE04EC0-301F-11D3-BF4B-00C04F79EFBC}") = "Tyuiu.KomarovaMV.Sprint3.Task3.V16.Lib", "Tyuiu.KomarovaMV.Sprint3.Task3.V16.Lib\Tyuiu.KomarovaMV.Sprint3.Task3.V16.Lib.csproj", "{9D343E1E-AAFC-4936-93FC-8F23B605E5C9}"
EndProject
Project("{FAE04EC0-301F-11D3-BF4B-00C04F79EFBC}") = "Tyuiu.KomarovaMV.Sprint3.Task3.V16.Test", "Tyuiu.KomarovaMV.Sprint3.Task3.V16.Test\Tyuiu.KomarovaMV.Sprint3.Task3.V16.Test.csproj", "{21160DB7-F2D7-4EC1-836C-B6864A4EE9A1}"
EndProject
Project("{2150E333-8FDC-42A3-9474-1A3956D46DE8}") = "Task4", "Task4", "{76C31FA3-5089-4C92-8BA6-73CD25026E5D}"
EndProject
Project("{FAE04EC0-301F-11D3-BF4B-00C04F79EFBC}") = "Tyuiu.KomarovaMV.Sprint3.Task4.V4", "Tyuiu.KomarovaMV.Sprint3.Task4.V4\Tyuiu.KomarovaMV.Sprint3.Task4.V4.csproj", "{95D3DB35-AA68-4DCF-BDD9-C7685E9A901E}"
EndProject
Project("{FAE04EC0-301F-11D3-BF4B-00C04F79EFBC}") = "Tyuiu.KomarovaMV.Sprint3.Task4.V4.Lib", "Tyuiu.KomarovaMV.Sprint3.Task4.V4.Lib\Tyuiu.KomarovaMV.Sprint3.Task4.V4.Lib.csproj", "{10C3F52A-2049-4228-AF98-8FD3754FA941}"
EndProject
Project("{FAE04EC0-301F-11D3-BF4B-00C04F79EFBC}") = "Tyuiu.KomarovaMV.Sprint3.Task4.V4.Test", "Tyuiu.KomarovaMV.Sprint3.Task4.V4.Test\Tyuiu.KomarovaMV.Sprint3.Task4.V4.Test.csproj", "{BFB58F1B-6CA5-4884-9E8B-0151B7D2653B}"
EndProject
Project("{2150E333-8FDC-42A3-9474-1A3956D46DE8}") = "Task5", "Task5", "{77A8312E-0F9E-4EF1-96E0-BB9FA44758EE}"
EndProject
Project("{FAE04EC0-301F-11D3-BF4B-00C04F79EFBC}") = "Tyuiu.KomarovaMV.Sprint3.Task5.V28", "Tyuiu.KomarovaMV.Sprint3.Task5.V28\Tyuiu.KomarovaMV.Sprint3.Task5.V28.csproj", "{CFEF6B51-46DF-47D6-92BE-7237DEB9FF7C}"
EndProject
Project("{FAE04EC0-301F-11D3-BF4B-00C04F79EFBC}") = "Tyuiu.KomarovaMV.Sprint3.Task5.V28.Lib", "Tyuiu.KomarovaMV.Sprint3.Task5.V28.Lib\Tyuiu.KomarovaMV.Sprint3.Task5.V28.Lib.csproj", "{C2967771-40AE-4849-B7D8-725CFD9F94A9}"
EndProject
Project("{FAE04EC0-301F-11D3-BF4B-00C04F79EFBC}") = "Tyuiu.KomarovaMV.Sprint3.Task5.V28.Test", "Tyuiu.KomarovaMV.Sprint3.Task5.V28.Test\Tyuiu.KomarovaMV.Sprint3.Task5.V28.Test.csproj", "{973D2926-61FF-43FC-A965-0A0E994063AE}"
EndProject
Project("{2150E333-8FDC-42A3-9474-1A3956D46DE8}") = "Task6", "Task6", "{86C61A1A-1396-46EF-99E1-E2F195F96CC1}"
EndProject
Project("{FAE04EC0-301F-11D3-BF4B-00C04F79EFBC}") = "Tyuiu.KomarovaMV.Sprint3.Task6.V10", "Tyuiu.KomarovaMV.Sprint3.Task6.V10\Tyuiu.KomarovaMV.Sprint3.Task6.V10.csproj", "{4F49E6C3-F777-4638-9DCF-98B3DDA6D6BC}"
EndProject
Project("{FAE04EC0-301F-11D3-BF4B-00C04F79EFBC}") = "Tyuiu.KomarovaMV.Sprint3.Task6.V10.Lib", "Tyuiu.KomarovaMV.Sprint3.Task6.V10.Lib\Tyuiu.KomarovaMV.Sprint3.Task6.V10.Lib.csproj", "{050F524D-FF6A-405D-9183-5608E9F3D597}"
EndProject
Project("{FAE04EC0-301F-11D3-BF4B-00C04F79EFBC}") = "Tyuiu.KomarovaMV.Sprint3.Task6.V10.Test", "Tyuiu.KomarovaMV.Sprint3.Task6.V10.Test\Tyuiu.KomarovaMV.Sprint3.Task6.V10.Test.csproj", "{BC045DDA-945D-4FBF-9DA2-0A6DF1F2CFBF}"
EndProject
Project("{2150E333-8FDC-42A3-9474-1A3956D46DE8}") = "Task7", "Task7", "{827686CE-2AF1-4B9A-9F12-D06F01DDEC47}"
EndProject
Project("{FAE04EC0-301F-11D3-BF4B-00C04F79EFBC}") = "Tyuiu.KomarovaMV.Sprint3.Task7.V19", "Tyuiu.KomarovaMV.Sprint3.Task7.V19\Tyuiu.KomarovaMV.Sprint3.Task7.V19.csproj", "{3AF77C06-64A8-4363-9078-0EB79E6142BF}"
EndProject
Project("{FAE04EC0-301F-11D3-BF4B-00C04F79EFBC}") = "Tyuiu.KomarovaMV.Sprint3.Task7.V19.Lib", "Tyuiu.KomarovaMV.Sprint3.Task7.V19.Lib\Tyuiu.KomarovaMV.Sprint3.Task7.V19.Lib.csproj", "{5A369404-684F-4345-95F2-C9689CD88490}"
EndProject
Project("{FAE04EC0-301F-11D3-BF4B-00C04F79EFBC}") = "Tyuiu.KomarovaMV.Sprint3.Task7.V19.Test", "Tyuiu.KomarovaMV.Sprint3.Task7.V19.Test\Tyuiu.KomarovaMV.Sprint3.Task7.V19.Test.csproj", "{6833DBCB-3C2F-4C29-87F6-045F994DF205}"
EndProject
Global
	GlobalSection(SolutionConfigurationPlatforms) = preSolution
		Debug|Any CPU = Debug|Any CPU
		Release|Any CPU = Release|Any CPU
	EndGlobalSection
	GlobalSection(ProjectConfigurationPlatforms) = postSolution
		{F5264222-9840-4A66-8D9A-2C72196F8945}.Debug|Any CPU.ActiveCfg = Debug|Any CPU
		{F5264222-9840-4A66-8D9A-2C72196F8945}.Debug|Any CPU.Build.0 = Debug|Any CPU
		{F5264222-9840-4A66-8D9A-2C72196F8945}.Release|Any CPU.ActiveCfg = Release|Any CPU
		{F5264222-9840-4A66-8D9A-2C72196F8945}.Release|Any CPU.Build.0 = Release|Any CPU
		{51339C5E-486E-41B9-81E2-158270ADBE38}.Debug|Any CPU.ActiveCfg = Debug|Any CPU
		{51339C5E-486E-41B9-81E2-158270ADBE38}.Debug|Any CPU.Build.0 = Debug|Any CPU
		{51339C5E-486E-41B9-81E2-158270ADBE38}.Release|Any CPU.ActiveCfg = Release|Any CPU
		{51339C5E-486E-41B9-81E2-158270ADBE38}.Release|Any CPU.Build.0 = Release|Any CPU
		{53AB2357-1B2E-4076-8893-6A9B0D4E985F}.Debug|Any CPU.ActiveCfg = Debug|Any CPU
		{53AB2357-1B2E-4076-8893-6A9B0D4E985F}.Debug|Any CPU.Build.0 = Debug|Any CPU
		{53AB2357-1B2E-4076-8893-6A9B0D4E985F}.Release|Any CPU.ActiveCfg = Release|Any CPU
		{53AB2357-1B2E-4076-8893-6A9B0D4E985F}.Release|Any CPU.Build.0 = Release|Any CPU
		{107F7A5D-5E9C-45F6-8E1C-7BB9BCF706A2}.Debug|Any CPU.ActiveCfg = Debug|Any CPU
		{107F7A5D-5E9C-45F6-8E1C-7BB9BCF706A2}.Debug|Any CPU.Build.0 = Debug|Any CPU
		{107F7A5D-5E9C-45F6-8E1C-7BB9BCF706A2}.Release|Any CPU.ActiveCfg = Release|Any CPU
		{107F7A5D-5E9C-45F6-8E1C-7BB9BCF706A2}.Release|Any CPU.Build.0 = Release|Any CPU
		{8D7B6539-8AEA-443D-B113-661E312408D1}.Debug|Any CPU.ActiveCfg = Debug|Any CPU
		{8D7B6539-8AEA-443D-B113-661E312408D1}.Debug|Any CPU.Build.0 = Debug|Any CPU
		{8D7B6539-8AEA-443D-B113-661E312408D1}.Release|Any CPU.ActiveCfg = Release|Any CPU
		{8D7B6539-8AEA-443D-B113-661E312408D1}.Release|Any CPU.Build.0 = Release|Any CPU
		{1370811F-EE7E-4D5D-ADC8-26D45EE447A8}.Debug|Any CPU.ActiveCfg = Debug|Any CPU
		{1370811F-EE7E-4D5D-ADC8-26D45EE447A8}.Debug|Any CPU.Build.0 = Debug|Any CPU
		{1370811F-EE7E-4D5D-ADC8-26D45EE447A8}.Release|Any CPU.ActiveCfg = Release|Any CPU
		{1370811F-EE7E-4D5D-ADC8-26D45EE447A8}.Release|Any CPU.Build.0 = Release|Any CPU
		{96B80878-C5B1-48EE-822F-1566D1A10A96}.Debug|Any CPU.ActiveCfg = Debug|Any CPU
		{96B80878-C5B1-48EE-822F-1566D1A10A96}.Debug|Any CPU.Build.0 = Debug|Any CPU
		{96B80878-C5B1-48EE-822F-1566D1A10A96}.Release|Any CPU.ActiveCfg = Release|Any CPU
		{96B80878-C5B1-48EE-822F-1566D1A10A96}.Release|Any CPU.Build.0 = Release|Any CPU
		{B85290D0-7DC5-48BA-9EFC-26A2E8BE43CC}.Debug|Any CPU.ActiveCfg = Debug|Any CPU
		{B85290D0-7DC5-48BA-9EFC-26A2E8BE43CC}.Debug|Any CPU.Build.0 = Debug|Any CPU
		{B85290D0-7DC5-48BA-9EFC-26A2E8BE43CC}.Release|Any CPU.ActiveCfg = Release|Any CPU
		{B85290D0-7DC5-48BA-9EFC-26A2E8BE43CC}.Release|Any CPU.Build.0 = Release|Any CPU
		{AD546F70-A21C-4E1D-9C44-A0F956E5C578}.Debug|Any CPU.ActiveCfg = Debug|Any CPU
		{AD546F70-A21C-4E1D-9C44-A0F956E5C578}.Debug|Any CPU.Build.0 = Debug|Any CPU
		{AD546F70-A21C-4E1D-9C44-A0F956E5C578}.Release|Any CPU.ActiveCfg = Release|Any CPU
		{AD546F70-A21C-4E1D-9C44-A0F956E5C578}.Release|Any CPU.Build.0 = Release|Any CPU
		{225BEE56-81D0-4202-9D0C-8104130A9BA1}.Debug|Any CPU.ActiveCfg = Debug|Any CPU
		{225BEE56-81D0-4202-9D0C-8104130A9BA1}.Debug|Any CPU.Build.0 = Debug|Any CPU
		{225BEE56-81D0-4202-9D0C-8104130A9BA1}.Release|Any CPU.ActiveCfg = Release|Any CPU
		{225BEE56-81D0-4202-9D0C-8104130A9BA1}.Release|Any CPU.Build.0 = Release|Any CPU
		{9D343E1E-AAFC-4936-93FC-8F23B605E5C9}.Debug|Any CPU.ActiveCfg = Debug|Any CPU
		{9D343E1E-AAFC-4936-93FC-8F23B605E5C9}.Debug|Any CPU.Build.0 = Debug|Any CPU
		{9D343E1E-AAFC-4936-93FC-8F23B605E5C9}.Release|Any CPU.ActiveCfg = Release|Any CPU
		{9D343E1E-AAFC-4936-93FC-8F23B605E5C9}.Release|Any CPU.Build.0 = Release|Any CPU
		{21160DB7-F2D7-4EC1-836C-B6864A4EE9A1}.Debug|Any CPU.ActiveCfg = Debug|Any CPU
		{21160DB7-F2D7-4EC1-836C-B6864A4EE9A1}.Debug|Any CPU.Build.0 = Debug|Any CPU
		{21160DB7-F2D7-4EC1-836C-B6864A4EE9A1}.Release|Any CPU.ActiveCfg = Release|Any CPU
		{21160DB7-F2D7-4EC1-836C-B6864A4EE9A1}.Release|Any CPU.Build.0 = Release|Any CPU
		{95D3DB35-AA68-4DCF-BDD9-C7685E9A901E}.Debug|Any CPU.ActiveCfg = Debug|Any CPU
		{95D3DB35-AA68-4DCF-BDD9-C7685E9A901E}.Debug|Any CPU.Build.0 = Debug|Any CPU
		{95D3DB35-AA68-4DCF-BDD9-C7685E9A901E}.Release|Any CPU.ActiveCfg = Release|Any CPU
		{95D3DB35-AA68-4DCF-BDD9-C7685E9A901E}.Release|Any CPU.Build.0 = Release|Any CPU
		{10C3F52A-2049-4228-AF98-8FD3754FA941}.Debug|Any CPU.ActiveCfg = Debug|Any CPU
		{10C3F52A-2049-4228-AF98-8FD3754FA941}.Debug|Any CPU.Build.0 = Debug|Any CPU
		{10C3F52A-2049-4228-AF98-8FD3754FA941}.Release|Any CPU.ActiveCfg = Release|Any CPU
		{10C3F52A-2049-4228-AF98-8FD3754FA941}.Release|Any CPU.Build.0 = Release|Any CPU
		{BFB58F1B-6CA5-4884-9E8B-0151B7D2653B}.Debug|Any CPU.ActiveCfg = Debug|Any CPU
		{BFB58F1B-6CA5-4884-9E8B-0151B7D2653B}.Debug|Any CPU.Build.0 = Debug|Any CPU
		{BFB58F1B-6CA5-4884-9E8B-0151B7D2653B}.Release|Any CPU.ActiveCfg = Release|Any CPU
		{BFB58F1B-6CA5-4884-9E8B-0151B7D2653B}.Release|Any CPU.Build.0 = Release|Any CPU
		{CFEF6B51-46DF-47D6-92BE-7237DEB9FF7C}.Debug|Any CPU.ActiveCfg = Debug|Any CPU
		{CFEF6B51-46DF-47D6-92BE-7237DEB9FF7C}.Debug|Any CPU.Build.0 = Debug|Any CPU
		{CFEF6B51-46DF-47D6-92BE-7237DEB9FF7C}.Release|Any CPU.ActiveCfg = Release|Any CPU
		{CFEF6B51-46DF-47D6-92BE-7237DEB9FF7C}.Release|Any CPU.Build.0 = Release|Any CPU
		{C2967771-40AE-4849-B7D8-725CFD9F94A9}.Debug|Any CPU.ActiveCfg = Debug|Any CPU
		{C2967771-40AE-4849-B7D8-725CFD9F94A9}.Debug|Any CPU.Build.0 = Debug|Any CPU
		{C2967771-40AE-4849-B7D8-725CFD9F94A9}.Release|Any CPU.ActiveCfg = Release|Any CPU
		{C2967771-40AE-4849-B7D8-725CFD9F94A9}.Release|Any CPU.Build.0 = Release|Any CPU
		{973D2926-61FF-43FC-A965-0A0E994063AE}.Debug|Any CPU.ActiveCfg = Debug|Any CPU
		{973D2926-61FF-43FC-A965-0A0E994063AE}.Debug|Any CPU.Build.0 = Debug|Any CPU
		{973D2926-61FF-43FC-A965-0A0E994063AE}.Release|Any CPU.ActiveCfg = Release|Any CPU
		{973D2926-61FF-43FC-A965-0A0E994063AE}.Release|Any CPU.Build.0 = Release|Any CPU
		{4F49E6C3-F777-4638-9DCF-98B3DDA6D6BC}.Debug|Any CPU.ActiveCfg = Debug|Any CPU
		{4F49E6C3-F777-4638-9DCF-98B3DDA6D6BC}.Debug|Any CPU.Build.0 = Debug|Any CPU
		{4F49E6C3-F777-4638-9DCF-98B3DDA6D6BC}.Release|Any CPU.ActiveCfg = Release|Any CPU
		{4F49E6C3-F777-4638-9DCF-98B3DDA6D6BC}.Release|Any CPU.Build.0 = Release|Any CPU
		{050F524D-FF6A-405D-9183-5608E9F3D597}.Debug|Any CPU.ActiveCfg = Debug|Any CPU
		{050F524D-FF6A-405D-9183-5608E9F3D597}.Debug|Any CPU.Build.0 = Debug|Any CPU
		{050F524D-FF6A-405D-9183-5608E9F3D597}.Release|Any CPU.ActiveCfg = Release|Any CPU
		{050F524D-FF6A-405D-9183-5608E9F3D597}.Release|Any CPU.Build.0 = Release|Any CPU
		{BC045DDA-945D-4FBF-9DA2-0A6DF1F2CFBF}.Debug|Any CPU.ActiveCfg = Debug|Any CPU
		{BC045DDA-945D-4FBF-9DA2-0A6DF1F2CFBF}.Debug|Any CPU.Build.0 = Debug|Any CPU
		{BC045DDA-945D-4FBF-9DA2-0A6DF1F2CFBF}.Release|Any CPU.ActiveCfg = Release|Any CPU
		{BC045DDA-945D-4FBF-9DA2-0A6DF1F2CFBF}.Release|Any CPU.Build.0 = Release|Any CPU
		{3AF77C06-64A8-4363-9078-0EB79E6142BF}.Debug|Any CPU.ActiveCfg = Debug|Any CPU
		{3AF77C06-64A8-4363-9078-0EB79E6142BF}.Debug|Any CPU.Build.0 = Debug|Any CPU
		{3AF77C06-64A8-4363-9078-0EB79E6142BF}.Release|Any CPU.ActiveCfg = Release|Any CPU
		{3AF77C06-64A8-4363-9078-0EB79E6142BF}.Release|Any CPU.Build.0 = Release|Any CPU
		{5A369404-684F-4345-95F2-C9689CD88490}.Debug|Any CPU.ActiveCfg = Debug|Any CPU
		{5A369404-684F-4345-95F2-C9689CD88490}.Debug|Any CPU.Build.0 = Debug|Any CPU
		{5A369404-684F-4345-95F2-C9689CD88490}.Release|Any CPU.ActiveCfg = Release|Any CPU
		{5A369404-684F-4345-95F2-C9689CD88490}.Release|Any CPU.Build.0 = Release|Any CPU
		{6833DBCB-3C2F-4C29-87F6-045F994DF205}.Debug|Any CPU.ActiveCfg = Debug|Any CPU
		{6833DBCB-3C2F-4C29-87F6-045F994DF205}.Debug|Any CPU.Build.0 = Debug|Any CPU
		{6833DBCB-3C2F-4C29-87F6-045F994DF205}.Release|Any CPU.ActiveCfg = Release|Any CPU
		{6833DBCB-3C2F-4C29-87F6-045F994DF205}.Release|Any CPU.Build.0 = Release|Any CPU
	EndGlobalSection
	GlobalSection(SolutionProperties) = preSolution
		HideSolutionNode = FALSE
	EndGlobalSection
	GlobalSection(NestedProjects) = preSolution
		{F5264222-9840-4A66-8D9A-2C72196F8945} = {7AD3148C-A8C0-4C7F-A544-6CAB167A5535}
		{51339C5E-486E-41B9-81E2-158270ADBE38} = {7AD3148C-A8C0-4C7F-A544-6CAB167A5535}
		{53AB2357-1B2E-4076-8893-6A9B0D4E985F} = {7AD3148C-A8C0-4C7F-A544-6CAB167A5535}
		{107F7A5D-5E9C-45F6-8E1C-7BB9BCF706A2} = {009415BE-B298-4004-BD37-7C86BB66A792}
		{8D7B6539-8AEA-443D-B113-661E312408D1} = {009415BE-B298-4004-BD37-7C86BB66A792}
		{1370811F-EE7E-4D5D-ADC8-26D45EE447A8} = {009415BE-B298-4004-BD37-7C86BB66A792}
		{96B80878-C5B1-48EE-822F-1566D1A10A96} = {74CFC5E5-E394-4971-80DA-C1090BF06FC8}
		{B85290D0-7DC5-48BA-9EFC-26A2E8BE43CC} = {74CFC5E5-E394-4971-80DA-C1090BF06FC8}
		{AD546F70-A21C-4E1D-9C44-A0F956E5C578} = {74CFC5E5-E394-4971-80DA-C1090BF06FC8}
		{225BEE56-81D0-4202-9D0C-8104130A9BA1} = {B4A4C98E-660C-4398-B474-7BBC05A5EC0C}
		{9D343E1E-AAFC-4936-93FC-8F23B605E5C9} = {B4A4C98E-660C-4398-B474-7BBC05A5EC0C}
		{21160DB7-F2D7-4EC1-836C-B6864A4EE9A1} = {B4A4C98E-660C-4398-B474-7BBC05A5EC0C}
		{95D3DB35-AA68-4DCF-BDD9-C7685E9A901E} = {76C31FA3-5089-4C92-8BA6-73CD25026E5D}
		{10C3F52A-2049-4228-AF98-8FD3754FA941} = {76C31FA3-5089-4C92-8BA6-73CD25026E5D}
		{BFB58F1B-6CA5-4884-9E8B-0151B7D2653B} = {76C31FA3-5089-4C92-8BA6-73CD25026E5D}
		{CFEF6B51-46DF-47D6-92BE-7237DEB9FF7C} = {77A8312E-0F9E-4EF1-96E0-BB9FA44758EE}
		{C2967771-40AE-4849-B7D8-725CFD9F94A9} = {77A8312E-0F9E-4EF1-96E0-BB9FA44758EE}
		{973D2926-61FF-43FC-A965-0A0E994063AE} = {77A8312E-0F9E-4EF1-96E0-BB9FA44758EE}
		{4F49E6C3-F777-4638-9DCF-98B3DDA6D6BC} = {86C61A1A-1396-46EF-99E1-E2F195F96CC1}
		{050F524D-FF6A-405D-9183-5608E9F3D597} = {86C61A1A-1396-46EF-99E1-E2F195F96CC1}
		{BC045DDA-945D-4FBF-9DA2-0A6DF1F2CFBF} = {86C61A1A-1396-46EF-99E1-E2F195F96CC1}
		{3AF77C06-64A8-4363-9078-0EB79E6142BF} = {827686CE-2AF1-4B9A-9F12-D06F01DDEC47}
		{5A369404-684F-4345-95F2-C9689CD88490} = {827686CE-2AF1-4B9A-9F12-D06F01DDEC47}
		{6833DBCB-3C2F-4C29-87F6-045F994DF205} = {827686CE-2AF1-4B9A-9F12-D06F01DDEC47}
	EndGlobalSection
	GlobalSection(ExtensibilityGlobals) = postSolution
		SolutionGuid = {269187A3-F039-4088-8FF0-BAFAB4E2A7F5}
	EndGlobalSection
EndGlobal
